// !$*UTF8*$!
{
	archiveVersion = 1;
	classes = {
	};
	objectVersion = 50;
	objects = {

/* Begin PBXBuildFile section */
		7B17D8D621BA8C0E009A22D4 /* ViewController+ UnsplashPhotoPickerDelegate.swift in Sources */ = {isa = PBXBuildFile; fileRef = 7B17D8D521BA8C0E009A22D4 /* ViewController+ UnsplashPhotoPickerDelegate.swift */; };
		7B17D8DB21BA9F37009A22D4 /* ImageLoader.swift in Sources */ = {isa = PBXBuildFile; fileRef = 7B17D8DA21BA9F37009A22D4 /* ImageLoader.swift */; };
		7B17D8DE21BAA3D5009A22D4 /* ImagePresenter.swift in Sources */ = {isa = PBXBuildFile; fileRef = 7B17D8DD21BAA3D5009A22D4 /* ImagePresenter.swift */; };
		7B17D8E321BAA49A009A22D4 /* ImageLoadingService.swift in Sources */ = {isa = PBXBuildFile; fileRef = 7B17D8E221BAA49A009A22D4 /* ImageLoadingService.swift */; };
		7B17D8E821BAA567009A22D4 /* LoadedImageModel.swift in Sources */ = {isa = PBXBuildFile; fileRef = 7B17D8E721BAA567009A22D4 /* LoadedImageModel.swift */; };
		7B17D8EA21BAB4F5009A22D4 /* ViewController+ImageLoader.swift in Sources */ = {isa = PBXBuildFile; fileRef = 7B17D8E921BAB4F5009A22D4 /* ViewController+ImageLoader.swift */; };
		7B7E3CDC21B92CD6004B8E7A /* AppDelegate.swift in Sources */ = {isa = PBXBuildFile; fileRef = 7B7E3CDB21B92CD6004B8E7A /* AppDelegate.swift */; };
		7B7E3CDE21B92CD6004B8E7A /* ViewController.swift in Sources */ = {isa = PBXBuildFile; fileRef = 7B7E3CDD21B92CD6004B8E7A /* ViewController.swift */; };
		7B7E3CE121B92CD6004B8E7A /* Main.storyboard in Resources */ = {isa = PBXBuildFile; fileRef = 7B7E3CDF21B92CD6004B8E7A /* Main.storyboard */; };
		7B7E3CE321B92CD7004B8E7A /* Assets.xcassets in Resources */ = {isa = PBXBuildFile; fileRef = 7B7E3CE221B92CD7004B8E7A /* Assets.xcassets */; };
		7B7E3CE621B92CD7004B8E7A /* LaunchScreen.storyboard in Resources */ = {isa = PBXBuildFile; fileRef = 7B7E3CE421B92CD7004B8E7A /* LaunchScreen.storyboard */; };
		7B7E3CF121B937B1004B8E7A /* ViewController+UIImagePickerControllerDelegate.swift in Sources */ = {isa = PBXBuildFile; fileRef = 7B7E3CF021B937B1004B8E7A /* ViewController+UIImagePickerControllerDelegate.swift */; };
		7B7E3CF521B97F4C004B8E7A /* GoogleService-Info.plist in Resources */ = {isa = PBXBuildFile; fileRef = 7B7E3CF421B97F4C004B8E7A /* GoogleService-Info.plist */; };
		A855E90EEE1C63C0730B8030 /* Pods_HY_Image_uploading.framework in Frameworks */ = {isa = PBXBuildFile; fileRef = F603E74F3CA20F850C524CBC /* Pods_HY_Image_uploading.framework */; };
/* End PBXBuildFile section */

/* Begin PBXFileReference section */
		7B17D8D521BA8C0E009A22D4 /* ViewController+ UnsplashPhotoPickerDelegate.swift */ = {isa = PBXFileReference; lastKnownFileType = sourcecode.swift; path = "ViewController+ UnsplashPhotoPickerDelegate.swift"; sourceTree = "<group>"; };
		7B17D8DA21BA9F37009A22D4 /* ImageLoader.swift */ = {isa = PBXFileReference; lastKnownFileType = sourcecode.swift; path = ImageLoader.swift; sourceTree = "<group>"; };
		7B17D8DD21BAA3D5009A22D4 /* ImagePresenter.swift */ = {isa = PBXFileReference; lastKnownFileType = sourcecode.swift; path = ImagePresenter.swift; sourceTree = "<group>"; };
		7B17D8E221BAA49A009A22D4 /* ImageLoadingService.swift */ = {isa = PBXFileReference; lastKnownFileType = sourcecode.swift; path = ImageLoadingService.swift; sourceTree = "<group>"; };
		7B17D8E721BAA567009A22D4 /* LoadedImageModel.swift */ = {isa = PBXFileReference; lastKnownFileType = sourcecode.swift; path = LoadedImageModel.swift; sourceTree = "<group>"; };
		7B17D8E921BAB4F5009A22D4 /* ViewController+ImageLoader.swift */ = {isa = PBXFileReference; lastKnownFileType = sourcecode.swift; path = "ViewController+ImageLoader.swift"; sourceTree = "<group>"; };
		7B7E3CD821B92CD6004B8E7A /* HY_Image_uploading.app */ = {isa = PBXFileReference; explicitFileType = wrapper.application; includeInIndex = 0; path = HY_Image_uploading.app; sourceTree = BUILT_PRODUCTS_DIR; };
		7B7E3CDB21B92CD6004B8E7A /* AppDelegate.swift */ = {isa = PBXFileReference; lastKnownFileType = sourcecode.swift; path = AppDelegate.swift; sourceTree = "<group>"; };
		7B7E3CDD21B92CD6004B8E7A /* ViewController.swift */ = {isa = PBXFileReference; lastKnownFileType = sourcecode.swift; path = ViewController.swift; sourceTree = "<group>"; };
		7B7E3CE021B92CD6004B8E7A /* Base */ = {isa = PBXFileReference; lastKnownFileType = file.storyboard; name = Base; path = Base.lproj/Main.storyboard; sourceTree = "<group>"; };
		7B7E3CE221B92CD7004B8E7A /* Assets.xcassets */ = {isa = PBXFileReference; lastKnownFileType = folder.assetcatalog; path = Assets.xcassets; sourceTree = "<group>"; };
		7B7E3CE521B92CD7004B8E7A /* Base */ = {isa = PBXFileReference; lastKnownFileType = file.storyboard; name = Base; path = Base.lproj/LaunchScreen.storyboard; sourceTree = "<group>"; };
		7B7E3CE721B92CD7004B8E7A /* Info.plist */ = {isa = PBXFileReference; lastKnownFileType = text.plist.xml; path = Info.plist; sourceTree = "<group>"; };
		7B7E3CF021B937B1004B8E7A /* ViewController+UIImagePickerControllerDelegate.swift */ = {isa = PBXFileReference; lastKnownFileType = sourcecode.swift; path = "ViewController+UIImagePickerControllerDelegate.swift"; sourceTree = "<group>"; };
		7B7E3CF421B97F4C004B8E7A /* GoogleService-Info.plist */ = {isa = PBXFileReference; fileEncoding = 4; lastKnownFileType = text.plist.xml; name = "GoogleService-Info.plist"; path = "../../../../Downloads/GoogleService-Info.plist"; sourceTree = "<group>"; };
		A1E17DC707EB15B0DF9AE69D /* Pods-HY_Image_uploading.release.xcconfig */ = {isa = PBXFileReference; includeInIndex = 1; lastKnownFileType = text.xcconfig; name = "Pods-HY_Image_uploading.release.xcconfig"; path = "Pods/Target Support Files/Pods-HY_Image_uploading/Pods-HY_Image_uploading.release.xcconfig"; sourceTree = "<group>"; };
		BA2FF70B18E893EB3F9084F3 /* Pods-HY_Image_uploading.debug.xcconfig */ = {isa = PBXFileReference; includeInIndex = 1; lastKnownFileType = text.xcconfig; name = "Pods-HY_Image_uploading.debug.xcconfig"; path = "Pods/Target Support Files/Pods-HY_Image_uploading/Pods-HY_Image_uploading.debug.xcconfig"; sourceTree = "<group>"; };
		F603E74F3CA20F850C524CBC /* Pods_HY_Image_uploading.framework */ = {isa = PBXFileReference; explicitFileType = wrapper.framework; includeInIndex = 0; path = Pods_HY_Image_uploading.framework; sourceTree = BUILT_PRODUCTS_DIR; };
/* End PBXFileReference section */

/* Begin PBXFrameworksBuildPhase section */
		7B7E3CD521B92CD6004B8E7A /* Frameworks */ = {
			isa = PBXFrameworksBuildPhase;
			buildActionMask = 2147483647;
			files = (
				A855E90EEE1C63C0730B8030 /* Pods_HY_Image_uploading.framework in Frameworks */,
			);
			runOnlyForDeploymentPostprocessing = 0;
		};
/* End PBXFrameworksBuildPhase section */

/* Begin PBXGroup section */
		34328DEAB3CAE2B4C325F832 /* Frameworks */ = {
			isa = PBXGroup;
			children = (
				F603E74F3CA20F850C524CBC /* Pods_HY_Image_uploading.framework */,
			);
			name = Frameworks;
			sourceTree = "<group>";
		};
		7B17D8D921BA9F04009A22D4 /* View */ = {
			isa = PBXGroup;
			children = (
				7B17D8DA21BA9F37009A22D4 /* ImageLoader.swift */,
			);
			path = View;
			sourceTree = "<group>";
		};
		7B17D8DC21BAA37D009A22D4 /* Presenter */ = {
			isa = PBXGroup;
			children = (
				7B17D8DD21BAA3D5009A22D4 /* ImagePresenter.swift */,
			);
			path = Presenter;
			sourceTree = "<group>";
		};
		7B17D8DF21BAA462009A22D4 /* Service */ = {
			isa = PBXGroup;
			children = (
				7B17D8E221BAA49A009A22D4 /* ImageLoadingService.swift */,
			);
			path = Service;
			sourceTree = "<group>";
		};
		7B17D8E421BAA500009A22D4 /* Model */ = {
			isa = PBXGroup;
			children = (
				7B17D8E721BAA567009A22D4 /* LoadedImageModel.swift */,
			);
			path = Model;
			sourceTree = "<group>";
		};
		7B7E3CCF21B92CD6004B8E7A = {
			isa = PBXGroup;
			children = (
				7B7E3CDA21B92CD6004B8E7A /* HY_Image_uploading */,
				7B7E3CD921B92CD6004B8E7A /* Products */,
				D9BDCAB83896D3FE271CABE3 /* Pods */,
				34328DEAB3CAE2B4C325F832 /* Frameworks */,
			);
			sourceTree = "<group>";
		};
		7B7E3CD921B92CD6004B8E7A /* Products */ = {
			isa = PBXGroup;
			children = (
				7B7E3CD821B92CD6004B8E7A /* HY_Image_uploading.app */,
			);
			name = Products;
			sourceTree = "<group>";
		};
		7B7E3CDA21B92CD6004B8E7A /* HY_Image_uploading */ = {
			isa = PBXGroup;
			children = (
				7B17D8E421BAA500009A22D4 /* Model */,
				7B17D8DF21BAA462009A22D4 /* Service */,
				7B17D8DC21BAA37D009A22D4 /* Presenter */,
				7B17D8D921BA9F04009A22D4 /* View */,
				7B7E3CDB21B92CD6004B8E7A /* AppDelegate.swift */,
				7B7E3CDD21B92CD6004B8E7A /* ViewController.swift */,
				7B17D8E921BAB4F5009A22D4 /* ViewController+ImageLoader.swift */,
				7B17D8D521BA8C0E009A22D4 /* ViewController+ UnsplashPhotoPickerDelegate.swift */,
				7B7E3CF021B937B1004B8E7A /* ViewController+UIImagePickerControllerDelegate.swift */,
				7B7E3CDF21B92CD6004B8E7A /* Main.storyboard */,
				7B7E3CE221B92CD7004B8E7A /* Assets.xcassets */,
				7B7E3CE421B92CD7004B8E7A /* LaunchScreen.storyboard */,
				7B7E3CF421B97F4C004B8E7A /* GoogleService-Info.plist */,
				7B7E3CE721B92CD7004B8E7A /* Info.plist */,
			);
			path = HY_Image_uploading;
			sourceTree = "<group>";
		};
		D9BDCAB83896D3FE271CABE3 /* Pods */ = {
			isa = PBXGroup;
			children = (
				BA2FF70B18E893EB3F9084F3 /* Pods-HY_Image_uploading.debug.xcconfig */,
				A1E17DC707EB15B0DF9AE69D /* Pods-HY_Image_uploading.release.xcconfig */,
			);
			name = Pods;
			sourceTree = "<group>";
		};
/* End PBXGroup section */

/* Begin PBXNativeTarget section */
		7B7E3CD721B92CD6004B8E7A /* HY_Image_uploading */ = {
			isa = PBXNativeTarget;
			buildConfigurationList = 7B7E3CEA21B92CD7004B8E7A /* Build configuration list for PBXNativeTarget "HY_Image_uploading" */;
			buildPhases = (
				5F17FEA88250A14CBE410DCD /* [CP] Check Pods Manifest.lock */,
				7B7E3CD421B92CD6004B8E7A /* Sources */,
				7B7E3CD521B92CD6004B8E7A /* Frameworks */,
				7B7E3CD621B92CD6004B8E7A /* Resources */,
				A7D01118C9BA3F73BCDE4DA5 /* [CP] Embed Pods Frameworks */,
			);
			buildRules = (
			);
			dependencies = (
			);
			name = HY_Image_uploading;
			productName = HY_Image_uploading;
			productReference = 7B7E3CD821B92CD6004B8E7A /* HY_Image_uploading.app */;
			productType = "com.apple.product-type.application";
		};
/* End PBXNativeTarget section */

/* Begin PBXProject section */
		7B7E3CD021B92CD6004B8E7A /* Project object */ = {
			isa = PBXProject;
			attributes = {
				LastSwiftUpdateCheck = 1010;
				LastUpgradeCheck = 1010;
				ORGANIZATIONNAME = "Arora Engineers";
				TargetAttributes = {
					7B7E3CD721B92CD6004B8E7A = {
						CreatedOnToolsVersion = 10.1;
					};
				};
			};
			buildConfigurationList = 7B7E3CD321B92CD6004B8E7A /* Build configuration list for PBXProject "HY_Image_uploading" */;
			compatibilityVersion = "Xcode 9.3";
			developmentRegion = en;
			hasScannedForEncodings = 0;
			knownRegions = (
				en,
				Base,
			);
			mainGroup = 7B7E3CCF21B92CD6004B8E7A;
			productRefGroup = 7B7E3CD921B92CD6004B8E7A /* Products */;
			projectDirPath = "";
			projectRoot = "";
			targets = (
				7B7E3CD721B92CD6004B8E7A /* HY_Image_uploading */,
			);
		};
/* End PBXProject section */

/* Begin PBXResourcesBuildPhase section */
		7B7E3CD621B92CD6004B8E7A /* Resources */ = {
			isa = PBXResourcesBuildPhase;
			buildActionMask = 2147483647;
			files = (
				7B7E3CE621B92CD7004B8E7A /* LaunchScreen.storyboard in Resources */,
				7B7E3CF521B97F4C004B8E7A /* GoogleService-Info.plist in Resources */,
				7B7E3CE321B92CD7004B8E7A /* Assets.xcassets in Resources */,
				7B7E3CE121B92CD6004B8E7A /* Main.storyboard in Resources */,
			);
			runOnlyForDeploymentPostprocessing = 0;
		};
/* End PBXResourcesBuildPhase section */

/* Begin PBXShellScriptBuildPhase section */
		5F17FEA88250A14CBE410DCD /* [CP] Check Pods Manifest.lock */ = {
			isa = PBXShellScriptBuildPhase;
			buildActionMask = 2147483647;
			files = (
			);
			inputPaths = (
				"${PODS_PODFILE_DIR_PATH}/Podfile.lock",
				"${PODS_ROOT}/Manifest.lock",
			);
			name = "[CP] Check Pods Manifest.lock";
			outputPaths = (
				"$(DERIVED_FILE_DIR)/Pods-HY_Image_uploading-checkManifestLockResult.txt",
			);
			runOnlyForDeploymentPostprocessing = 0;
			shellPath = /bin/sh;
			shellScript = "diff \"${PODS_PODFILE_DIR_PATH}/Podfile.lock\" \"${PODS_ROOT}/Manifest.lock\" > /dev/null\nif [ $? != 0 ] ; then\n    # print error to STDERR\n    echo \"error: The sandbox is not in sync with the Podfile.lock. Run 'pod install' or update your CocoaPods installation.\" >&2\n    exit 1\nfi\n# This output is used by Xcode 'outputs' to avoid re-running this script phase.\necho \"SUCCESS\" > \"${SCRIPT_OUTPUT_FILE_0}\"\n";
			showEnvVarsInLog = 0;
		};
		A7D01118C9BA3F73BCDE4DA5 /* [CP] Embed Pods Frameworks */ = {
			isa = PBXShellScriptBuildPhase;
			buildActionMask = 2147483647;
			files = (
			);
			inputPaths = (
				"${SRCROOT}/Pods/Target Support Files/Pods-HY_Image_uploading/Pods-HY_Image_uploading-frameworks.sh",
				"${BUILT_PRODUCTS_DIR}/GTMSessionFetcher/GTMSessionFetcher.framework",
				"${BUILT_PRODUCTS_DIR}/GoogleUtilities/GoogleUtilities.framework",
				"${BUILT_PRODUCTS_DIR}/UnsplashPhotoPicker/UnsplashPhotoPicker.framework",
				"${BUILT_PRODUCTS_DIR}/leveldb-library/leveldb.framework",
				"${BUILT_PRODUCTS_DIR}/nanopb/nanopb.framework",
			);
			name = "[CP] Embed Pods Frameworks";
			outputPaths = (
				"${TARGET_BUILD_DIR}/${FRAMEWORKS_FOLDER_PATH}/GTMSessionFetcher.framework",
				"${TARGET_BUILD_DIR}/${FRAMEWORKS_FOLDER_PATH}/GoogleUtilities.framework",
				"${TARGET_BUILD_DIR}/${FRAMEWORKS_FOLDER_PATH}/UnsplashPhotoPicker.framework",
				"${TARGET_BUILD_DIR}/${FRAMEWORKS_FOLDER_PATH}/leveldb.framework",
				"${TARGET_BUILD_DIR}/${FRAMEWORKS_FOLDER_PATH}/nanopb.framework",
			);
			runOnlyForDeploymentPostprocessing = 0;
			shellPath = /bin/sh;
			shellScript = "\"${SRCROOT}/Pods/Target Support Files/Pods-HY_Image_uploading/Pods-HY_Image_uploading-frameworks.sh\"\n";
			showEnvVarsInLog = 0;
		};
/* End PBXShellScriptBuildPhase section */

/* Begin PBXSourcesBuildPhase section */
		7B7E3CD421B92CD6004B8E7A /* Sources */ = {
			isa = PBXSourcesBuildPhase;
			buildActionMask = 2147483647;
			files = (
				7B7E3CDE21B92CD6004B8E7A /* ViewController.swift in Sources */,
				7B7E3CF121B937B1004B8E7A /* ViewController+UIImagePickerControllerDelegate.swift in Sources */,
				7B17D8DB21BA9F37009A22D4 /* ImageLoader.swift in Sources */,
				7B17D8DE21BAA3D5009A22D4 /* ImagePresenter.swift in Sources */,
				7B17D8E821BAA567009A22D4 /* LoadedImageModel.swift in Sources */,
				7B7E3CDC21B92CD6004B8E7A /* AppDelegate.swift in Sources */,
				7B17D8D621BA8C0E009A22D4 /* ViewController+ UnsplashPhotoPickerDelegate.swift in Sources */,
				7B17D8E321BAA49A009A22D4 /* ImageLoadingService.swift in Sources */,
				7B17D8EA21BAB4F5009A22D4 /* ViewController+ImageLoader.swift in Sources */,
			);
			runOnlyForDeploymentPostprocessing = 0;
		};
/* End PBXSourcesBuildPhase section */

/* Begin PBXVariantGroup section */
		7B7E3CDF21B92CD6004B8E7A /* Main.storyboard */ = {
			isa = PBXVariantGroup;
			children = (
				7B7E3CE021B92CD6004B8E7A /* Base */,
			);
			name = Main.storyboard;
			sourceTree = "<group>";
		};
		7B7E3CE421B92CD7004B8E7A /* LaunchScreen.storyboard */ = {
			isa = PBXVariantGroup;
			children = (
				7B7E3CE521B92CD7004B8E7A /* Base */,
			);
			name = LaunchScreen.storyboard;
			sourceTree = "<group>";
		};
/* End PBXVariantGroup section */

/* Begin XCBuildConfiguration section */
		7B7E3CE821B92CD7004B8E7A /* Debug */ = {
			isa = XCBuildConfiguration;
			buildSettings = {
				ALWAYS_SEARCH_USER_PATHS = NO;
				CLANG_ANALYZER_NONNULL = YES;
				CLANG_ANALYZER_NUMBER_OBJECT_CONVERSION = YES_AGGRESSIVE;
				CLANG_CXX_LANGUAGE_STANDARD = "gnu++14";
				CLANG_CXX_LIBRARY = "libc++";
				CLANG_ENABLE_MODULES = YES;
				CLANG_ENABLE_OBJC_ARC = YES;
				CLANG_ENABLE_OBJC_WEAK = YES;
				CLANG_WARN_BLOCK_CAPTURE_AUTORELEASING = YES;
				CLANG_WARN_BOOL_CONVERSION = YES;
				CLANG_WARN_COMMA = YES;
				CLANG_WARN_CONSTANT_CONVERSION = YES;
				CLANG_WARN_DEPRECATED_OBJC_IMPLEMENTATIONS = YES;
				CLANG_WARN_DIRECT_OBJC_ISA_USAGE = YES_ERROR;
				CLANG_WARN_DOCUMENTATION_COMMENTS = YES;
				CLANG_WARN_EMPTY_BODY = YES;
				CLANG_WARN_ENUM_CONVERSION = YES;
				CLANG_WARN_INFINITE_RECURSION = YES;
				CLANG_WARN_INT_CONVERSION = YES;
				CLANG_WARN_NON_LITERAL_NULL_CONVERSION = YES;
				CLANG_WARN_OBJC_IMPLICIT_RETAIN_SELF = YES;
				CLANG_WARN_OBJC_LITERAL_CONVERSION = YES;
				CLANG_WARN_OBJC_ROOT_CLASS = YES_ERROR;
				CLANG_WARN_RANGE_LOOP_ANALYSIS = YES;
				CLANG_WARN_STRICT_PROTOTYPES = YES;
				CLANG_WARN_SUSPICIOUS_MOVE = YES;
				CLANG_WARN_UNGUARDED_AVAILABILITY = YES_AGGRESSIVE;
				CLANG_WARN_UNREACHABLE_CODE = YES;
				CLANG_WARN__DUPLICATE_METHOD_MATCH = YES;
				CODE_SIGN_IDENTITY = "iPhone Developer";
				COPY_PHASE_STRIP = NO;
				DEBUG_INFORMATION_FORMAT = dwarf;
				ENABLE_STRICT_OBJC_MSGSEND = YES;
				ENABLE_TESTABILITY = YES;
				GCC_C_LANGUAGE_STANDARD = gnu11;
				GCC_DYNAMIC_NO_PIC = NO;
				GCC_NO_COMMON_BLOCKS = YES;
				GCC_OPTIMIZATION_LEVEL = 0;
				GCC_PREPROCESSOR_DEFINITIONS = (
					"DEBUG=1",
					"$(inherited)",
				);
				GCC_WARN_64_TO_32_BIT_CONVERSION = YES;
				GCC_WARN_ABOUT_RETURN_TYPE = YES_ERROR;
				GCC_WARN_UNDECLARED_SELECTOR = YES;
				GCC_WARN_UNINITIALIZED_AUTOS = YES_AGGRESSIVE;
				GCC_WARN_UNUSED_FUNCTION = YES;
				GCC_WARN_UNUSED_VARIABLE = YES;
				IPHONEOS_DEPLOYMENT_TARGET = 12.1;
				MTL_ENABLE_DEBUG_INFO = INCLUDE_SOURCE;
				MTL_FAST_MATH = YES;
				ONLY_ACTIVE_ARCH = YES;
				SDKROOT = iphoneos;
				SWIFT_ACTIVE_COMPILATION_CONDITIONS = DEBUG;
				SWIFT_OPTIMIZATION_LEVEL = "-Onone";
			};
			name = Debug;
		};
		7B7E3CE921B92CD7004B8E7A /* Release */ = {
			isa = XCBuildConfiguration;
			buildSettings = {
				ALWAYS_SEARCH_USER_PATHS = NO;
				CLANG_ANALYZER_NONNULL = YES;
				CLANG_ANALYZER_NUMBER_OBJECT_CONVERSION = YES_AGGRESSIVE;
				CLANG_CXX_LANGUAGE_STANDARD = "gnu++14";
				CLANG_CXX_LIBRARY = "libc++";
				CLANG_ENABLE_MODULES = YES;
				CLANG_ENABLE_OBJC_ARC = YES;
				CLANG_ENABLE_OBJC_WEAK = YES;
				CLANG_WARN_BLOCK_CAPTURE_AUTORELEASING = YES;
				CLANG_WARN_BOOL_CONVERSION = YES;
				CLANG_WARN_COMMA = YES;
				CLANG_WARN_CONSTANT_CONVERSION = YES;
				CLANG_WARN_DEPRECATED_OBJC_IMPLEMENTATIONS = YES;
				CLANG_WARN_DIRECT_OBJC_ISA_USAGE = YES_ERROR;
				CLANG_WARN_DOCUMENTATION_COMMENTS = YES;
				CLANG_WARN_EMPTY_BODY = YES;
				CLANG_WARN_ENUM_CONVERSION = YES;
				CLANG_WARN_INFINITE_RECURSION = YES;
				CLANG_WARN_INT_CONVERSION = YES;
				CLANG_WARN_NON_LITERAL_NULL_CONVERSION = YES;
				CLANG_WARN_OBJC_IMPLICIT_RETAIN_SELF = YES;
				CLANG_WARN_OBJC_LITERAL_CONVERSION = YES;
				CLANG_WARN_OBJC_ROOT_CLASS = YES_ERROR;
				CLANG_WARN_RANGE_LOOP_ANALYSIS = YES;
				CLANG_WARN_STRICT_PROTOTYPES = YES;
				CLANG_WARN_SUSPICIOUS_MOVE = YES;
				CLANG_WARN_UNGUARDED_AVAILABILITY = YES_AGGRESSIVE;
				CLANG_WARN_UNREACHABLE_CODE = YES;
				CLANG_WARN__DUPLICATE_METHOD_MATCH = YES;
				CODE_SIGN_IDENTITY = "iPhone Developer";
				COPY_PHASE_STRIP = NO;
				DEBUG_INFORMATION_FORMAT = "dwarf-with-dsym";
				ENABLE_NS_ASSERTIONS = NO;
				ENABLE_STRICT_OBJC_MSGSEND = YES;
				GCC_C_LANGUAGE_STANDARD = gnu11;
				GCC_NO_COMMON_BLOCKS = YES;
				GCC_WARN_64_TO_32_BIT_CONVERSION = YES;
				GCC_WARN_ABOUT_RETURN_TYPE = YES_ERROR;
				GCC_WARN_UNDECLARED_SELECTOR = YES;
				GCC_WARN_UNINITIALIZED_AUTOS = YES_AGGRESSIVE;
				GCC_WARN_UNUSED_FUNCTION = YES;
				GCC_WARN_UNUSED_VARIABLE = YES;
				IPHONEOS_DEPLOYMENT_TARGET = 12.1;
				MTL_ENABLE_DEBUG_INFO = NO;
				MTL_FAST_MATH = YES;
				SDKROOT = iphoneos;
				SWIFT_COMPILATION_MODE = wholemodule;
				SWIFT_OPTIMIZATION_LEVEL = "-O";
				VALIDATE_PRODUCT = YES;
			};
			name = Release;
		};
		7B7E3CEB21B92CD7004B8E7A /* Debug */ = {
			isa = XCBuildConfiguration;
			baseConfigurationReference = BA2FF70B18E893EB3F9084F3 /* Pods-HY_Image_uploading.debug.xcconfig */;
			buildSettings = {
				ASSETCATALOG_COMPILER_APPICON_NAME = AppIcon;
				CODE_SIGN_STYLE = Automatic;
				DEVELOPMENT_TEAM = "";
				INFOPLIST_FILE = HY_Image_uploading/Info.plist;
				IPHONEOS_DEPLOYMENT_TARGET = 12.1;
				LD_RUNPATH_SEARCH_PATHS = (
					"$(inherited)",
					"@executable_path/Frameworks",
				);
				PRODUCT_BUNDLE_IDENTIFIER = "Arora-Engineers.HY-Image-uploading";
				PRODUCT_NAME = "$(TARGET_NAME)";
				SWIFT_VERSION = 4.2;
				TARGETED_DEVICE_FAMILY = "1,2";
			};
			name = Debug;
		};
		7B7E3CEC21B92CD7004B8E7A /* Release */ = {
			isa = XCBuildConfiguration;
			baseConfigurationReference = A1E17DC707EB15B0DF9AE69D /* Pods-HY_Image_uploading.release.xcconfig */;
			buildSettings = {
				ASSETCATALOG_COMPILER_APPICON_NAME = AppIcon;
				CODE_SIGN_STYLE = Automatic;
				DEVELOPMENT_TEAM = "";
				INFOPLIST_FILE = HY_Image_uploading/Info.plist;
				IPHONEOS_DEPLOYMENT_TARGET = 12.1;
				LD_RUNPATH_SEARCH_PATHS = (
					"$(inherited)",
					"@executable_path/Frameworks",
				);
				PRODUCT_BUNDLE_IDENTIFIER = "Arora-Engineers.HY-Image-uploading";
				PRODUCT_NAME = "$(TARGET_NAME)";
				SWIFT_VERSION = 4.2;
				TARGETED_DEVICE_FAMILY = "1,2";
			};
			name = Release;
		};
/* End XCBuildConfiguration section */

/* Begin XCConfigurationList section */
		7B7E3CD321B92CD6004B8E7A /* Build configuration list for PBXProject "HY_Image_uploading" */ = {
			isa = XCConfigurationList;
			buildConfigurations = (
				7B7E3CE821B92CD7004B8E7A /* Debug */,
				7B7E3CE921B92CD7004B8E7A /* Release */,
			);
			defaultConfigurationIsVisible = 0;
			defaultConfigurationName = Release;
		};
		7B7E3CEA21B92CD7004B8E7A /* Build configuration list for PBXNativeTarget "HY_Image_uploading" */ = {
			isa = XCConfigurationList;
			buildConfigurations = (
				7B7E3CEB21B92CD7004B8E7A /* Debug */,
				7B7E3CEC21B92CD7004B8E7A /* Release */,
			);
			defaultConfigurationIsVisible = 0;
			defaultConfigurationName = Release;
		};
/* End XCConfigurationList section */
	};
	rootObject = 7B7E3CD021B92CD6004B8E7A /* Project object */;
}
